
Microsoft Visual Studio Solution File, Format Version 12.00
# Visual Studio Version 16
VisualStudioVersion = 16.0.30503.244
MinimumVisualStudioVersion = 10.0.40219.1
Project("{FAE04EC0-301F-11D3-BF4B-00C04F79EFBC}") = "MasterLocadora", "MasterLocadora\MasterLocadora.csproj", "{9412CAD3-72F1-4775-8AE1-6D0EFA3B0952}"
EndProject
Global
	GlobalSection(SolutionConfigurationPlatforms) = preSolution
		Debug|Any CPU = Debug|Any CPU
		Release|Any CPU = Release|Any CPU
	EndGlobalSection
	GlobalSection(ProjectConfigurationPlatforms) = postSolution
		{9412CAD3-72F1-4775-8AE1-6D0EFA3B0952}.Debug|Any CPU.ActiveCfg = Debug|Any CPU
		{9412CAD3-72F1-4775-8AE1-6D0EFA3B0952}.Debug|Any CPU.Build.0 = Debug|Any CPU
		{9412CAD3-72F1-4775-8AE1-6D0EFA3B0952}.Release|Any CPU.ActiveCfg = Release|Any CPU
		{9412CAD3-72F1-4775-8AE1-6D0EFA3B0952}.Release|Any CPU.Build.0 = Release|Any CPU
	EndGlobalSection
	GlobalSection(SolutionProperties) = preSolution
		HideSolutionNode = FALSE
	EndGlobalSection
	GlobalSection(ExtensibilityGlobals) = postSolution
		SolutionGuid = {7BA19A2F-161F-4D3D-9B73-A58280701055}
	EndGlobalSection
EndGlobal
